
Microsoft Visual Studio Solution File, Format Version 12.00
# Visual Studio 15
VisualStudioVersion = 15.0.27130.2027
MinimumVisualStudioVersion = 10.0.40219.1
Project("{FAE04EC0-301F-11D3-BF4B-00C04F79EFBC}") = "LibrosBiblicos", "LibrosBiblicos\LibrosBiblicos.csproj", "{13000C49-FF84-4362-B8EA-59C4A10B1879}"
EndProject
Global
	GlobalSection(SolutionConfigurationPlatforms) = preSolution
		Debug|Any CPU = Debug|Any CPU
		Release|Any CPU = Release|Any CPU
	EndGlobalSection
	GlobalSection(ProjectConfigurationPlatforms) = postSolution
		{13000C49-FF84-4362-B8EA-59C4A10B1879}.Debug|Any CPU.ActiveCfg = Debug|Any CPU
		{13000C49-FF84-4362-B8EA-59C4A10B1879}.Debug|Any CPU.Build.0 = Debug|Any CPU
		{13000C49-FF84-4362-B8EA-59C4A10B1879}.Release|Any CPU.ActiveCfg = Release|Any CPU
		{13000C49-FF84-4362-B8EA-59C4A10B1879}.Release|Any CPU.Build.0 = Release|Any CPU
	EndGlobalSection
	GlobalSection(SolutionProperties) = preSolution
		HideSolutionNode = FALSE
	EndGlobalSection
	GlobalSection(ExtensibilityGlobals) = postSolution
		SolutionGuid = {B6B7BECA-45B0-49C3-A679-3036D9724119}
	EndGlobalSection
EndGlobal
